{
  "nodes": {
    "disko-stable": {
      "inputs": {
        "nixpkgs": [
          "nixpkgs-stable"
        ]
      },
      "locked": {
        "lastModified": 1745369821,
        "narHash": "sha256-mi6cAjuBztm9gFfpiVo6mAn81cCID6nmDXh5Kmyjwyc=",
        "owner": "nix-community",
        "repo": "disko",
        "rev": "c5140c6079ff690e85eac0b86e254de16a79a4b7",
        "type": "github"
      },
      "original": {
        "owner": "nix-community",
        "repo": "disko",
        "type": "github"
      }
    },
    "disko-unstable": {
      "inputs": {
        "nixpkgs": [
          "nixpkgs"
        ]
      },
      "locked": {
        "lastModified": 1745369821,
        "narHash": "sha256-mi6cAjuBztm9gFfpiVo6mAn81cCID6nmDXh5Kmyjwyc=",
        "owner": "nix-community",
        "repo": "disko",
        "rev": "c5140c6079ff690e85eac0b86e254de16a79a4b7",
        "type": "github"
      },
      "original": {
        "owner": "nix-community",
        "repo": "disko",
        "type": "github"
      }
    },
    "flake-compat": {
      "flake": false,
      "locked": {
        "lastModified": 1717312683,
        "narHash": "sha256-FrlieJH50AuvagamEvWMIE6D2OAnERuDboFDYAED/dE=",
        "owner": "nix-community",
        "repo": "flake-compat",
        "rev": "38fd3954cf65ce6faf3d0d45cd26059e059f07ea",
        "type": "github"
      },
      "original": {
        "owner": "nix-community",
        "repo": "flake-compat",
        "type": "github"
      }
    },
    "flake-utils": {
      "inputs": {
        "systems": "systems"
      },
      "locked": {
        "lastModified": 1731533236,
        "narHash": "sha256-l0KFg5HjrsfsO/JpG+r7fRrqm12kzFHyUHqHCVpMMbI=",
        "owner": "numtide",
        "repo": "flake-utils",
        "rev": "11707dc2f618dd54ca8739b309ec4fc024de578b",
        "type": "github"
      },
      "original": {
        "owner": "numtide",
        "repo": "flake-utils",
        "type": "github"
      }
    },
    "flakey-profile": {
      "locked": {
        "lastModified": 1712898590,
        "narHash": "sha256-FhGIEU93VHAChKEXx905TSiPZKga69bWl1VB37FK//I=",
        "owner": "lf-",
        "repo": "flakey-profile",
        "rev": "243c903fd8eadc0f63d205665a92d4df91d42d9d",
        "type": "github"
      },
      "original": {
        "owner": "lf-",
        "repo": "flakey-profile",
        "type": "github"
      }
    },
    "lix": {
      "flake": false,
      "locked": {
        "lastModified": 1737234286,
        "narHash": "sha256-pgDJZjj4jpzkFxsqBTI/9Yb0n3gW+DvDtuv9SwQZZcs=",
        "rev": "079528098f5998ba13c88821a2eca1005c1695de",
        "type": "tarball",
        "url": "https://git.lix.systems/api/v1/repos/lix-project/lix/archive/079528098f5998ba13c88821a2eca1005c1695de.tar.gz?rev=079528098f5998ba13c88821a2eca1005c1695de"
      },
      "original": {
        "type": "tarball",
        "url": "https://git.lix.systems/lix-project/lix/archive/release-2.92.tar.gz"
      }
    },
    "lix-module": {
      "inputs": {
        "flake-utils": "flake-utils",
        "flakey-profile": "flakey-profile",
        "lix": "lix",
        "nixpkgs": [
          "nixpkgs"
        ]
      },
      "locked": {
        "lastModified": 1742943028,
        "narHash": "sha256-fprwZKE1uMzO9tiWWOrmLWBW3GPkMayQfb0xOvVFIno=",
        "rev": "868d97695bab9d21f6070b03957bcace249fbe3c",
        "type": "tarball",
        "url": "https://git.lix.systems/api/v1/repos/lix-project/nixos-module/archive/868d97695bab9d21f6070b03957bcace249fbe3c.tar.gz?rev=868d97695bab9d21f6070b03957bcace249fbe3c"
      },
      "original": {
        "type": "tarball",
        "url": "https://git.lix.systems/lix-project/nixos-module/archive/2.92.0-3.tar.gz"
      }
    },
    "nixos-cosmic": {
      "inputs": {
        "flake-compat": "flake-compat",
        "nixpkgs": "nixpkgs",
        "nixpkgs-stable": "nixpkgs-stable",
        "rust-overlay": "rust-overlay"
      },
      "locked": {
        "lastModified": 1745415545,
        "narHash": "sha256-xho2K1sFAKePtfbhgdlYb98x/ekPWKG2cnyiRkCA770=",
        "owner": "lilyinstarlight",
        "repo": "nixos-cosmic",
        "rev": "b9905688ab5791839e1f72d7e8d9e716e841bde9",
        "type": "github"
      },
      "original": {
        "owner": "lilyinstarlight",
        "repo": "nixos-cosmic",
        "type": "github"
      }
    },
    "nixpkgs": {
      "locked": {
        "lastModified": 1745234285,
        "narHash": "sha256-GfpyMzxwkfgRVN0cTGQSkTC0OHhEkv3Jf6Tcjm//qZ0=",
        "owner": "NixOS",
        "repo": "nixpkgs",
        "rev": "c11863f1e964833214b767f4a369c6e6a7aba141",
        "type": "github"
      },
      "original": {
        "owner": "NixOS",
        "ref": "nixos-unstable",
        "repo": "nixpkgs",
        "type": "github"
      }
    },
    "nixpkgs-stable": {
      "locked": {
        "lastModified": 1745279238,
        "narHash": "sha256-AQ7M9wTa/Pa/kK5pcGTgX/DGqMHyzsyINfN7ktsI7Fo=",
        "owner": "NixOS",
        "repo": "nixpkgs",
        "rev": "9684b53175fc6c09581e94cc85f05ab77464c7e3",
        "type": "github"
      },
      "original": {
        "owner": "NixOS",
        "ref": "nixos-24.11",
        "repo": "nixpkgs",
        "type": "github"
      }
    },
    "nixpkgs-stable_2": {
      "locked": {
        "lastModified": 1745279238,
        "narHash": "sha256-AQ7M9wTa/Pa/kK5pcGTgX/DGqMHyzsyINfN7ktsI7Fo=",
        "owner": "NixOS",
        "repo": "nixpkgs",
        "rev": "9684b53175fc6c09581e94cc85f05ab77464c7e3",
        "type": "github"
      },
      "original": {
        "owner": "NixOS",
        "ref": "nixos-24.11",
        "repo": "nixpkgs",
        "type": "github"
      }
    },
    "root": {
      "inputs": {
        "disko-stable": "disko-stable",
        "disko-unstable": "disko-unstable",
        "lix-module": "lix-module",
        "nixos-cosmic": "nixos-cosmic",
        "nixpkgs": [
          "nixos-cosmic",
          "nixpkgs"
        ],
        "nixpkgs-stable": "nixpkgs-stable_2"
      }
    },
    "rust-overlay": {
      "inputs": {
        "nixpkgs": [
          "nixos-cosmic",
          "nixpkgs"
        ]
      },
      "locked": {
        "lastModified": 1745375696,
        "narHash": "sha256-zFRCHNRJ1Ei8GD3iP+wcedkJzLo84OO7JEu/gmhSllU=",
        "owner": "oxalica",
        "repo": "rust-overlay",
        "rev": "19d1b5002d43c019880dd5cc0f8420efd20d5faf",
        "type": "github"
      },
      "original": {
        "owner": "oxalica",
        "repo": "rust-overlay",
        "type": "github"
      }
    },
    "systems": {
      "locked": {
        "lastModified": 1681028828,
        "narHash": "sha256-Vy1rq5AaRuLzOxct8nz4T6wlgyUR7zLU309k9mBC768=",
        "owner": "nix-systems",
        "repo": "default",
        "rev": "da67096a3b9bf56a91d16901293e51ba5b49a27e",
        "type": "github"
      },
      "original": {
        "owner": "nix-systems",
        "repo": "default",
        "type": "github"
      }
    }
  },
  "root": "root",
  "version": 7
}
